// !$*UTF8*$!
{
	archiveVersion = 1;
	classes = {
	};
	objectVersion = 46;
	objects = {

/* Begin PBXBuildFile section */
		6518AF357E79F479B2C0097D /* libPods-GoEuro.a in Frameworks */ = {isa = PBXBuildFile; fileRef = 148A5ADA145FCF65DE936FC9 /* libPods-GoEuro.a */; };
		F6091BE61DA4E3F1003CE759 /* main.m in Sources */ = {isa = PBXBuildFile; fileRef = F6091BE51DA4E3F1003CE759 /* main.m */; };
		F6091BE91DA4E3F1003CE759 /* AppDelegate.m in Sources */ = {isa = PBXBuildFile; fileRef = F6091BE81DA4E3F1003CE759 /* AppDelegate.m */; };
		F6091BEF1DA4E3F1003CE759 /* Main.storyboard in Resources */ = {isa = PBXBuildFile; fileRef = F6091BED1DA4E3F1003CE759 /* Main.storyboard */; };
		F6091BF21DA4E3F1003CE759 /* GoEuro.xcdatamodeld in Sources */ = {isa = PBXBuildFile; fileRef = F6091BF01DA4E3F1003CE759 /* GoEuro.xcdatamodeld */; };
		F6091BF41DA4E3F1003CE759 /* Assets.xcassets in Resources */ = {isa = PBXBuildFile; fileRef = F6091BF31DA4E3F1003CE759 /* Assets.xcassets */; };
		F6091BF71DA4E3F1003CE759 /* LaunchScreen.storyboard in Resources */ = {isa = PBXBuildFile; fileRef = F6091BF51DA4E3F1003CE759 /* LaunchScreen.storyboard */; };
		F6F443241DA4FDE100E4183C /* GETabbarViewController.swift in Sources */ = {isa = PBXBuildFile; fileRef = F6F443231DA4FDE100E4183C /* GETabbarViewController.swift */; };
		F6F443261DA4FE2D00E4183C /* GETabbarView.swift in Sources */ = {isa = PBXBuildFile; fileRef = F6F443251DA4FE2D00E4183C /* GETabbarView.swift */; };
		F6F443281DA4FE4200E4183C /* GETabbarView.xib in Resources */ = {isa = PBXBuildFile; fileRef = F6F443271DA4FE4200E4183C /* GETabbarView.xib */; };
		F6F4432A1DA509E800E4183C /* GEBottomBarView.xib in Resources */ = {isa = PBXBuildFile; fileRef = F6F443291DA509E800E4183C /* GEBottomBarView.xib */; };
		F6F4432C1DA50A0400E4183C /* GEBottomBarView.swift in Sources */ = {isa = PBXBuildFile; fileRef = F6F4432B1DA50A0400E4183C /* GEBottomBarView.swift */; };
		F6F443301DA527BE00E4183C /* GoEuroApi.m in Sources */ = {isa = PBXBuildFile; fileRef = F6F4432F1DA527BE00E4183C /* GoEuroApi.m */; };
		F6F443351DA57A0600E4183C /* GETransportDetailModel.swift in Sources */ = {isa = PBXBuildFile; fileRef = F6F443341DA57A0600E4183C /* GETransportDetailModel.swift */; };
		F6F443371DA57DD000E4183C /* GETransportManager.swift in Sources */ = {isa = PBXBuildFile; fileRef = F6F443361DA57DD000E4183C /* GETransportManager.swift */; };
		F6F4433B1DA5930200E4183C /* GETransportModeCell.swift in Sources */ = {isa = PBXBuildFile; fileRef = F6F4433A1DA5930200E4183C /* GETransportModeCell.swift */; };
		F6F4433E1DA597DC00E4183C /* BaseViewController.m in Sources */ = {isa = PBXBuildFile; fileRef = F6F4433D1DA597DC00E4183C /* BaseViewController.m */; };
/* End PBXBuildFile section */

/* Begin PBXFileReference section */
		148A5ADA145FCF65DE936FC9 /* libPods-GoEuro.a */ = {isa = PBXFileReference; explicitFileType = archive.ar; includeInIndex = 0; path = "libPods-GoEuro.a"; sourceTree = BUILT_PRODUCTS_DIR; };
		240116B1642E629A1D409CDC /* Pods-GoEuro.release.xcconfig */ = {isa = PBXFileReference; includeInIndex = 1; lastKnownFileType = text.xcconfig; name = "Pods-GoEuro.release.xcconfig"; path = "Pods/Target Support Files/Pods-GoEuro/Pods-GoEuro.release.xcconfig"; sourceTree = "<group>"; };
		7F15FB0D76756AB790449810 /* Pods-GoEuro.debug.xcconfig */ = {isa = PBXFileReference; includeInIndex = 1; lastKnownFileType = text.xcconfig; name = "Pods-GoEuro.debug.xcconfig"; path = "Pods/Target Support Files/Pods-GoEuro/Pods-GoEuro.debug.xcconfig"; sourceTree = "<group>"; };
		F6091BE11DA4E3F1003CE759 /* GoEuro.app */ = {isa = PBXFileReference; explicitFileType = wrapper.application; includeInIndex = 0; path = GoEuro.app; sourceTree = BUILT_PRODUCTS_DIR; };
		F6091BE51DA4E3F1003CE759 /* main.m */ = {isa = PBXFileReference; lastKnownFileType = sourcecode.c.objc; path = main.m; sourceTree = "<group>"; };
		F6091BE71DA4E3F1003CE759 /* AppDelegate.h */ = {isa = PBXFileReference; lastKnownFileType = sourcecode.c.h; path = AppDelegate.h; sourceTree = "<group>"; };
		F6091BE81DA4E3F1003CE759 /* AppDelegate.m */ = {isa = PBXFileReference; lastKnownFileType = sourcecode.c.objc; path = AppDelegate.m; sourceTree = "<group>"; };
		F6091BEE1DA4E3F1003CE759 /* Base */ = {isa = PBXFileReference; lastKnownFileType = file.storyboard; name = Base; path = Base.lproj/Main.storyboard; sourceTree = "<group>"; };
		F6091BF11DA4E3F1003CE759 /* GoEuro.xcdatamodel */ = {isa = PBXFileReference; lastKnownFileType = wrapper.xcdatamodel; path = GoEuro.xcdatamodel; sourceTree = "<group>"; };
		F6091BF31DA4E3F1003CE759 /* Assets.xcassets */ = {isa = PBXFileReference; lastKnownFileType = folder.assetcatalog; path = Assets.xcassets; sourceTree = "<group>"; };
		F6091BF61DA4E3F1003CE759 /* Base */ = {isa = PBXFileReference; lastKnownFileType = file.storyboard; name = Base; path = Base.lproj/LaunchScreen.storyboard; sourceTree = "<group>"; };
		F6091BF81DA4E3F1003CE759 /* Info.plist */ = {isa = PBXFileReference; lastKnownFileType = text.plist.xml; path = Info.plist; sourceTree = "<group>"; };
		F6091BFE1DA4F4D7003CE759 /* GoEuro-Bridging-Header.h */ = {isa = PBXFileReference; lastKnownFileType = sourcecode.c.h; path = "GoEuro-Bridging-Header.h"; sourceTree = "<group>"; };
		F6F443231DA4FDE100E4183C /* GETabbarViewController.swift */ = {isa = PBXFileReference; fileEncoding = 4; lastKnownFileType = sourcecode.swift; name = GETabbarViewController.swift; path = TravelFeeds/GETabbarViewController.swift; sourceTree = "<group>"; };
		F6F443251DA4FE2D00E4183C /* GETabbarView.swift */ = {isa = PBXFileReference; fileEncoding = 4; lastKnownFileType = sourcecode.swift; name = GETabbarView.swift; path = TravelFeeds/GETabbarView.swift; sourceTree = "<group>"; };
		F6F443271DA4FE4200E4183C /* GETabbarView.xib */ = {isa = PBXFileReference; fileEncoding = 4; lastKnownFileType = file.xib; name = GETabbarView.xib; path = TravelFeeds/GETabbarView.xib; sourceTree = "<group>"; };
		F6F443291DA509E800E4183C /* GEBottomBarView.xib */ = {isa = PBXFileReference; fileEncoding = 4; lastKnownFileType = file.xib; name = GEBottomBarView.xib; path = TravelFeeds/GEBottomBarView.xib; sourceTree = "<group>"; };
		F6F4432B1DA50A0400E4183C /* GEBottomBarView.swift */ = {isa = PBXFileReference; fileEncoding = 4; lastKnownFileType = sourcecode.swift; name = GEBottomBarView.swift; path = TravelFeeds/GEBottomBarView.swift; sourceTree = "<group>"; };
		F6F4432E1DA527BE00E4183C /* GoEuroApi.h */ = {isa = PBXFileReference; fileEncoding = 4; lastKnownFileType = sourcecode.c.h; name = GoEuroApi.h; path = Shared/Server/GoEuroApi.h; sourceTree = "<group>"; };
		F6F4432F1DA527BE00E4183C /* GoEuroApi.m */ = {isa = PBXFileReference; fileEncoding = 4; lastKnownFileType = sourcecode.c.objc; name = GoEuroApi.m; path = Shared/Server/GoEuroApi.m; sourceTree = "<group>"; };
		F6F443321DA5285600E4183C /* Constant.h */ = {isa = PBXFileReference; fileEncoding = 4; lastKnownFileType = sourcecode.c.h; path = Constant.h; sourceTree = "<group>"; };
		F6F443341DA57A0600E4183C /* GETransportDetailModel.swift */ = {isa = PBXFileReference; fileEncoding = 4; lastKnownFileType = sourcecode.swift; name = GETransportDetailModel.swift; path = Shared/Model/GETransportDetailModel.swift; sourceTree = "<group>"; };
		F6F443361DA57DD000E4183C /* GETransportManager.swift */ = {isa = PBXFileReference; fileEncoding = 4; lastKnownFileType = sourcecode.swift; name = GETransportManager.swift; path = Shared/Model/GETransportManager.swift; sourceTree = "<group>"; };
		F6F4433A1DA5930200E4183C /* GETransportModeCell.swift */ = {isa = PBXFileReference; fileEncoding = 4; lastKnownFileType = sourcecode.swift; name = GETransportModeCell.swift; path = TravelFeeds/GETransportModeCell.swift; sourceTree = "<group>"; };
		F6F4433C1DA597DC00E4183C /* BaseViewController.h */ = {isa = PBXFileReference; fileEncoding = 4; lastKnownFileType = sourcecode.c.h; path = BaseViewController.h; sourceTree = "<group>"; };
		F6F4433D1DA597DC00E4183C /* BaseViewController.m */ = {isa = PBXFileReference; fileEncoding = 4; lastKnownFileType = sourcecode.c.objc; path = BaseViewController.m; sourceTree = "<group>"; };
/* End PBXFileReference section */

/* Begin PBXFrameworksBuildPhase section */
		F6091BDE1DA4E3F1003CE759 /* Frameworks */ = {
			isa = PBXFrameworksBuildPhase;
			buildActionMask = 2147483647;
			files = (
				6518AF357E79F479B2C0097D /* libPods-GoEuro.a in Frameworks */,
			);
			runOnlyForDeploymentPostprocessing = 0;
		};
/* End PBXFrameworksBuildPhase section */

/* Begin PBXGroup section */
		1356D440F5A0BF63BA739FAB /* Pods */ = {
			isa = PBXGroup;
			children = (
				7F15FB0D76756AB790449810 /* Pods-GoEuro.debug.xcconfig */,
				240116B1642E629A1D409CDC /* Pods-GoEuro.release.xcconfig */,
			);
			name = Pods;
			sourceTree = "<group>";
		};
		E2C7A1FB9A32AE07B2B052CF /* Frameworks */ = {
			isa = PBXGroup;
			children = (
				148A5ADA145FCF65DE936FC9 /* libPods-GoEuro.a */,
			);
			name = Frameworks;
			sourceTree = "<group>";
		};
		F6091BD81DA4E3F1003CE759 = {
			isa = PBXGroup;
			children = (
				F6091BE31DA4E3F1003CE759 /* GoEuro */,
				F6091BE21DA4E3F1003CE759 /* Products */,
				1356D440F5A0BF63BA739FAB /* Pods */,
				E2C7A1FB9A32AE07B2B052CF /* Frameworks */,
			);
			sourceTree = "<group>";
		};
		F6091BE21DA4E3F1003CE759 /* Products */ = {
			isa = PBXGroup;
			children = (
				F6091BE11DA4E3F1003CE759 /* GoEuro.app */,
			);
			name = Products;
			sourceTree = "<group>";
		};
		F6091BE31DA4E3F1003CE759 /* GoEuro */ = {
			isa = PBXGroup;
			children = (
				F6091BE71DA4E3F1003CE759 /* AppDelegate.h */,
				F6091BE81DA4E3F1003CE759 /* AppDelegate.m */,
				F6F4433C1DA597DC00E4183C /* BaseViewController.h */,
				F6F4433D1DA597DC00E4183C /* BaseViewController.m */,
				F6F4432D1DA5277500E4183C /* Shared */,
				F6F443221DA4FCB400E4183C /* TravelFeeds */,
				F6091BED1DA4E3F1003CE759 /* Main.storyboard */,
				F6091BF31DA4E3F1003CE759 /* Assets.xcassets */,
				F6091BF51DA4E3F1003CE759 /* LaunchScreen.storyboard */,
				F6091BF81DA4E3F1003CE759 /* Info.plist */,
				F6091BF01DA4E3F1003CE759 /* GoEuro.xcdatamodeld */,
				F6091BE41DA4E3F1003CE759 /* Supporting Files */,
				F6091BFE1DA4F4D7003CE759 /* GoEuro-Bridging-Header.h */,
				F6F443321DA5285600E4183C /* Constant.h */,
			);
			path = GoEuro;
			sourceTree = "<group>";
		};
		F6091BE41DA4E3F1003CE759 /* Supporting Files */ = {
			isa = PBXGroup;
			children = (
				F6091BE51DA4E3F1003CE759 /* main.m */,
			);
			name = "Supporting Files";
			sourceTree = "<group>";
		};
		F6F443221DA4FCB400E4183C /* TravelFeeds */ = {
			isa = PBXGroup;
			children = (
				F6F443231DA4FDE100E4183C /* GETabbarViewController.swift */,
				F6F443251DA4FE2D00E4183C /* GETabbarView.swift */,
				F6F443271DA4FE4200E4183C /* GETabbarView.xib */,
				F6F4432B1DA50A0400E4183C /* GEBottomBarView.swift */,
				F6F443291DA509E800E4183C /* GEBottomBarView.xib */,
				F6F4433A1DA5930200E4183C /* GETransportModeCell.swift */,
			);
			name = TravelFeeds;
			sourceTree = "<group>";
		};
		F6F4432D1DA5277500E4183C /* Shared */ = {
			isa = PBXGroup;
			children = (
				F6F443331DA5798A00E4183C /* Model */,
				F6F443311DA527C400E4183C /* Server */,
			);
			name = Shared;
			sourceTree = "<group>";
		};
		F6F443311DA527C400E4183C /* Server */ = {
			isa = PBXGroup;
			children = (
				F6F4432E1DA527BE00E4183C /* GoEuroApi.h */,
				F6F4432F1DA527BE00E4183C /* GoEuroApi.m */,
			);
			name = Server;
			sourceTree = "<group>";
		};
		F6F443331DA5798A00E4183C /* Model */ = {
			isa = PBXGroup;
			children = (
				F6F443341DA57A0600E4183C /* GETransportDetailModel.swift */,
				F6F443361DA57DD000E4183C /* GETransportManager.swift */,
			);
			name = Model;
			sourceTree = "<group>";
		};
/* End PBXGroup section */

/* Begin PBXNativeTarget section */
		F6091BE01DA4E3F1003CE759 /* GoEuro */ = {
			isa = PBXNativeTarget;
			buildConfigurationList = F6091BFB1DA4E3F1003CE759 /* Build configuration list for PBXNativeTarget "GoEuro" */;
			buildPhases = (
				B03E8516CE0C0FD9289D33EE /* [CP] Check Pods Manifest.lock */,
				F6091BDD1DA4E3F1003CE759 /* Sources */,
				F6091BDE1DA4E3F1003CE759 /* Frameworks */,
				F6091BDF1DA4E3F1003CE759 /* Resources */,
				3AFCCCBA9568B2E99130158A /* [CP] Embed Pods Frameworks */,
				C009CEEB6131BC189FE5C603 /* [CP] Copy Pods Resources */,
			);
			buildRules = (
			);
			dependencies = (
			);
			name = GoEuro;
			productName = GoEuro;
			productReference = F6091BE11DA4E3F1003CE759 /* GoEuro.app */;
			productType = "com.apple.product-type.application";
		};
/* End PBXNativeTarget section */

/* Begin PBXProject section */
		F6091BD91DA4E3F1003CE759 /* Project object */ = {
			isa = PBXProject;
			attributes = {
				LastUpgradeCheck = 0720;
				ORGANIZATIONNAME = "Ankita Kalangutkar";
				TargetAttributes = {
					F6091BE01DA4E3F1003CE759 = {
						CreatedOnToolsVersion = 7.2;
					};
				};
			};
			buildConfigurationList = F6091BDC1DA4E3F1003CE759 /* Build configuration list for PBXProject "GoEuro" */;
			compatibilityVersion = "Xcode 3.2";
			developmentRegion = English;
			hasScannedForEncodings = 0;
			knownRegions = (
				en,
				Base,
			);
			mainGroup = F6091BD81DA4E3F1003CE759;
			productRefGroup = F6091BE21DA4E3F1003CE759 /* Products */;
			projectDirPath = "";
			projectRoot = "";
			targets = (
				F6091BE01DA4E3F1003CE759 /* GoEuro */,
			);
		};
/* End PBXProject section */

/* Begin PBXResourcesBuildPhase section */
		F6091BDF1DA4E3F1003CE759 /* Resources */ = {
			isa = PBXResourcesBuildPhase;
			buildActionMask = 2147483647;
			files = (
				F6091BF71DA4E3F1003CE759 /* LaunchScreen.storyboard in Resources */,
				F6F443281DA4FE4200E4183C /* GETabbarView.xib in Resources */,
				F6F4432A1DA509E800E4183C /* GEBottomBarView.xib in Resources */,
				F6091BF41DA4E3F1003CE759 /* Assets.xcassets in Resources */,
				F6091BEF1DA4E3F1003CE759 /* Main.storyboard in Resources */,
			);
			runOnlyForDeploymentPostprocessing = 0;
		};
/* End PBXResourcesBuildPhase section */

/* Begin PBXShellScriptBuildPhase section */
		3AFCCCBA9568B2E99130158A /* [CP] Embed Pods Frameworks */ = {
			isa = PBXShellScriptBuildPhase;
			buildActionMask = 2147483647;
			files = (
			);
			inputPaths = (
			);
			name = "[CP] Embed Pods Frameworks";
			outputPaths = (
			);
			runOnlyForDeploymentPostprocessing = 0;
			shellPath = /bin/sh;
			shellScript = "\"${SRCROOT}/Pods/Target Support Files/Pods-GoEuro/Pods-GoEuro-frameworks.sh\"\n";
			showEnvVarsInLog = 0;
		};
		B03E8516CE0C0FD9289D33EE /* [CP] Check Pods Manifest.lock */ = {
			isa = PBXShellScriptBuildPhase;
			buildActionMask = 2147483647;
			files = (
			);
			inputPaths = (
			);
			name = "[CP] Check Pods Manifest.lock";
			outputPaths = (
			);
			runOnlyForDeploymentPostprocessing = 0;
			shellPath = /bin/sh;
			shellScript = "diff \"${PODS_ROOT}/../Podfile.lock\" \"${PODS_ROOT}/Manifest.lock\" > /dev/null\nif [[ $? != 0 ]] ; then\n    cat << EOM\nerror: The sandbox is not in sync with the Podfile.lock. Run 'pod install' or update your CocoaPods installation.\nEOM\n    exit 1\nfi\n";
			showEnvVarsInLog = 0;
		};
		C009CEEB6131BC189FE5C603 /* [CP] Copy Pods Resources */ = {
			isa = PBXShellScriptBuildPhase;
			buildActionMask = 2147483647;
			files = (
			);
			inputPaths = (
			);
			name = "[CP] Copy Pods Resources";
			outputPaths = (
			);
			runOnlyForDeploymentPostprocessing = 0;
			shellPath = /bin/sh;
			shellScript = "\"${SRCROOT}/Pods/Target Support Files/Pods-GoEuro/Pods-GoEuro-resources.sh\"\n";
			showEnvVarsInLog = 0;
		};
/* End PBXShellScriptBuildPhase section */

/* Begin PBXSourcesBuildPhase section */
		F6091BDD1DA4E3F1003CE759 /* Sources */ = {
			isa = PBXSourcesBuildPhase;
			buildActionMask = 2147483647;
			files = (
				F6F4433B1DA5930200E4183C /* GETransportModeCell.swift in Sources */,
				F6F4433E1DA597DC00E4183C /* BaseViewController.m in Sources */,
				F6091BF21DA4E3F1003CE759 /* GoEuro.xcdatamodeld in Sources */,
				F6F443261DA4FE2D00E4183C /* GETabbarView.swift in Sources */,
				F6F443371DA57DD000E4183C /* GETransportManager.swift in Sources */,
				F6F443301DA527BE00E4183C /* GoEuroApi.m in Sources */,
				F6091BE91DA4E3F1003CE759 /* AppDelegate.m in Sources */,
				F6091BE61DA4E3F1003CE759 /* main.m in Sources */,
				F6F4432C1DA50A0400E4183C /* GEBottomBarView.swift in Sources */,
				F6F443241DA4FDE100E4183C /* GETabbarViewController.swift in Sources */,
				F6F443351DA57A0600E4183C /* GETransportDetailModel.swift in Sources */,
			);
			runOnlyForDeploymentPostprocessing = 0;
		};
/* End PBXSourcesBuildPhase section */

/* Begin PBXVariantGroup section */
		F6091BED1DA4E3F1003CE759 /* Main.storyboard */ = {
			isa = PBXVariantGroup;
			children = (
				F6091BEE1DA4E3F1003CE759 /* Base */,
			);
			name = Main.storyboard;
			sourceTree = "<group>";
		};
		F6091BF51DA4E3F1003CE759 /* LaunchScreen.storyboard */ = {
			isa = PBXVariantGroup;
			children = (
				F6091BF61DA4E3F1003CE759 /* Base */,
			);
			name = LaunchScreen.storyboard;
			sourceTree = "<group>";
		};
/* End PBXVariantGroup section */

/* Begin XCBuildConfiguration section */
		F6091BF91DA4E3F1003CE759 /* Debug */ = {
			isa = XCBuildConfiguration;
			buildSettings = {
				ALWAYS_SEARCH_USER_PATHS = NO;
				CLANG_CXX_LANGUAGE_STANDARD = "gnu++0x";
				CLANG_CXX_LIBRARY = "libc++";
				CLANG_ENABLE_MODULES = YES;
				CLANG_ENABLE_OBJC_ARC = YES;
				CLANG_WARN_BOOL_CONVERSION = YES;
				CLANG_WARN_CONSTANT_CONVERSION = YES;
				CLANG_WARN_DIRECT_OBJC_ISA_USAGE = YES_ERROR;
				CLANG_WARN_EMPTY_BODY = YES;
				CLANG_WARN_ENUM_CONVERSION = YES;
				CLANG_WARN_INT_CONVERSION = YES;
				CLANG_WARN_OBJC_ROOT_CLASS = YES_ERROR;
				CLANG_WARN_UNREACHABLE_CODE = YES;
				CLANG_WARN__DUPLICATE_METHOD_MATCH = YES;
				"CODE_SIGN_IDENTITY[sdk=iphoneos*]" = "iPhone Developer";
				COPY_PHASE_STRIP = NO;
				DEBUG_INFORMATION_FORMAT = dwarf;
				ENABLE_STRICT_OBJC_MSGSEND = YES;
				ENABLE_TESTABILITY = YES;
				GCC_C_LANGUAGE_STANDARD = gnu99;
				GCC_DYNAMIC_NO_PIC = NO;
				GCC_NO_COMMON_BLOCKS = YES;
				GCC_OPTIMIZATION_LEVEL = 0;
				GCC_PREPROCESSOR_DEFINITIONS = (
					"DEBUG=1",
					"$(inherited)",
				);
				GCC_WARN_64_TO_32_BIT_CONVERSION = YES;
				GCC_WARN_ABOUT_RETURN_TYPE = YES_ERROR;
				GCC_WARN_UNDECLARED_SELECTOR = YES;
				GCC_WARN_UNINITIALIZED_AUTOS = YES_AGGRESSIVE;
				GCC_WARN_UNUSED_FUNCTION = YES;
				GCC_WARN_UNUSED_VARIABLE = YES;
				IPHONEOS_DEPLOYMENT_TARGET = 9.2;
				MTL_ENABLE_DEBUG_INFO = YES;
				ONLY_ACTIVE_ARCH = YES;
				SDKROOT = iphoneos;
			};
			name = Debug;
		};
		F6091BFA1DA4E3F1003CE759 /* Release */ = {
			isa = XCBuildConfiguration;
			buildSettings = {
				ALWAYS_SEARCH_USER_PATHS = NO;
				CLANG_CXX_LANGUAGE_STANDARD = "gnu++0x";
				CLANG_CXX_LIBRARY = "libc++";
				CLANG_ENABLE_MODULES = YES;
				CLANG_ENABLE_OBJC_ARC = YES;
				CLANG_WARN_BOOL_CONVERSION = YES;
				CLANG_WARN_CONSTANT_CONVERSION = YES;
				CLANG_WARN_DIRECT_OBJC_ISA_USAGE = YES_ERROR;
				CLANG_WARN_EMPTY_BODY = YES;
				CLANG_WARN_ENUM_CONVERSION = YES;
				CLANG_WARN_INT_CONVERSION = YES;
				CLANG_WARN_OBJC_ROOT_CLASS = YES_ERROR;
				CLANG_WARN_UNREACHABLE_CODE = YES;
				CLANG_WARN__DUPLICATE_METHOD_MATCH = YES;
				"CODE_SIGN_IDENTITY[sdk=iphoneos*]" = "iPhone Developer";
				COPY_PHASE_STRIP = NO;
				DEBUG_INFORMATION_FORMAT = "dwarf-with-dsym";
				ENABLE_NS_ASSERTIONS = NO;
				ENABLE_STRICT_OBJC_MSGSEND = YES;
				GCC_C_LANGUAGE_STANDARD = gnu99;
				GCC_NO_COMMON_BLOCKS = YES;
				GCC_WARN_64_TO_32_BIT_CONVERSION = YES;
				GCC_WARN_ABOUT_RETURN_TYPE = YES_ERROR;
				GCC_WARN_UNDECLARED_SELECTOR = YES;
				GCC_WARN_UNINITIALIZED_AUTOS = YES_AGGRESSIVE;
				GCC_WARN_UNUSED_FUNCTION = YES;
				GCC_WARN_UNUSED_VARIABLE = YES;
				IPHONEOS_DEPLOYMENT_TARGET = 9.2;
				MTL_ENABLE_DEBUG_INFO = NO;
				SDKROOT = iphoneos;
				VALIDATE_PRODUCT = YES;
			};
			name = Release;
		};
		F6091BFC1DA4E3F1003CE759 /* Debug */ = {
			isa = XCBuildConfiguration;
			baseConfigurationReference = 7F15FB0D76756AB790449810 /* Pods-GoEuro.debug.xcconfig */;
			buildSettings = {
				ASSETCATALOG_COMPILER_APPICON_NAME = AppIcon;
				CLANG_ENABLE_MODULES = YES;
				INFOPLIST_FILE = GoEuro/Info.plist;
				LD_RUNPATH_SEARCH_PATHS = "$(inherited) @executable_path/Frameworks";
				PRODUCT_BUNDLE_IDENTIFIER = com.GoEuro;
				PRODUCT_NAME = "$(TARGET_NAME)";
				SWIFT_OBJC_BRIDGING_HEADER = "GoEuro/GoEuro-Bridging-Header.h";
				SWIFT_OPTIMIZATION_LEVEL = "-Onone";
			};
			name = Debug;
		};
		F6091BFD1DA4E3F1003CE759 /* Release */ = {
			isa = XCBuildConfiguration;
			baseConfigurationReference = 240116B1642E629A1D409CDC /* Pods-GoEuro.release.xcconfig */;
			buildSettings = {
				ASSETCATALOG_COMPILER_APPICON_NAME = AppIcon;
				CLANG_ENABLE_MODULES = YES;
				INFOPLIST_FILE = GoEuro/Info.plist;
				LD_RUNPATH_SEARCH_PATHS = "$(inherited) @executable_path/Frameworks";
				PRODUCT_BUNDLE_IDENTIFIER = com.GoEuro;
				PRODUCT_NAME = "$(TARGET_NAME)";
				SWIFT_OBJC_BRIDGING_HEADER = "GoEuro/GoEuro-Bridging-Header.h";
			};
			name = Release;
		};
/* End XCBuildConfiguration section */

/* Begin XCConfigurationList section */
		F6091BDC1DA4E3F1003CE759 /* Build configuration list for PBXProject "GoEuro" */ = {
			isa = XCConfigurationList;
			buildConfigurations = (
				F6091BF91DA4E3F1003CE759 /* Debug */,
				F6091BFA1DA4E3F1003CE759 /* Release */,
			);
			defaultConfigurationIsVisible = 0;
			defaultConfigurationName = Release;
		};
		F6091BFB1DA4E3F1003CE759 /* Build configuration list for PBXNativeTarget "GoEuro" */ = {
			isa = XCConfigurationList;
			buildConfigurations = (
				F6091BFC1DA4E3F1003CE759 /* Debug */,
				F6091BFD1DA4E3F1003CE759 /* Release */,
			);
			defaultConfigurationIsVisible = 0;
			defaultConfigurationName = Release;
		};
/* End XCConfigurationList section */

/* Begin XCVersionGroup section */
		F6091BF01DA4E3F1003CE759 /* GoEuro.xcdatamodeld */ = {
			isa = XCVersionGroup;
			children = (
				F6091BF11DA4E3F1003CE759 /* GoEuro.xcdatamodel */,
			);
			currentVersion = F6091BF11DA4E3F1003CE759 /* GoEuro.xcdatamodel */;
			path = GoEuro.xcdatamodeld;
			sourceTree = "<group>";
			versionGroupType = wrapper.xcdatamodel;
		};
/* End XCVersionGroup section */
	};
	rootObject = F6091BD91DA4E3F1003CE759 /* Project object */;
}
